lockfileVersion: '9.0'

settings:
  autoInstallPeers: true
  excludeLinksFromLockfile: false

importers:

  .:
    dependencies:
      '@clerk/backend':
        specifier: ^3.15.1
        version: 3.15.1
      '@neondatabase/serverless':
        specifier: ^1.1.0
        version: 1.1.0
    devDependencies:
      '@types/node':
        specifier: ^26.1.2
        version: 26.1.2
      typescript:
        specifier: ^5.5.3
        version: 5.9.3

packages:

  '@clerk/backend@3.15.1':
    resolution: {integrity: sha512-/haECiKneGkRXkedhNHYp8tK9kjDpWIf6vtWhd+zeJ+HE6a7A9UOcajLUipvbqe834iAJAewhzUretCSrhAglg==}
    engines: {node: '>=20.9.0'}

  '@clerk/shared@4.26.0':
    resolution: {integrity: sha512-CYPOxpvKuKidy4ReSf3XU3YF28kr3QlmdJuFtwlrChK/GnLJxKp54GmUYtgoh1p61IHqirWfc8MerxlUhwWLFQ==}
    engines: {node: '>=20.9.0'}
    peerDependencies:
      react: ^18.0.0 || ~19.0.3 || ~19.1.4 || ~19.2.3 || ~19.3.0-0
      react-dom: ^18.0.0 || ~19.0.3 || ~19.1.4 || ~19.2.3 || ~19.3.0-0
    peerDependenciesMeta:
      react:
        optional: true
      react-dom:
        optional: true

  '@neondatabase/serverless@1.1.0':
    resolution: {integrity: sha512-r3ZZhRjEcfEdKIZnoB1RusNgvHuaBRqfCzV4Gi+5A9yUX0S4HTws/ASWqt13wL4y4I+0rqsWGdA2w7EQXHi3+Q==}
    engines: {node: '>=19.0.0'}

  '@stablelib/base64@1.0.1':
    resolution: {integrity: sha512-1bnPQqSxSuc3Ii6MhBysoWCg58j97aUjuCSZrGSmDxNqtytIi0k8utUenAwTZN4V5mXXYGsVUI9zeBqy+jBOSQ==}

  '@tanstack/query-core@5.101.4':
    resolution: {integrity: sha512-gNwcvOJcRbLWPOLG/2OBm+zM+Yv+MKsXKEOWC57USuZDEsI71hEErQsiEGx5wX9rzWWkfwM0fVSPoiIFSsxfiw==}

  '@types/node@26.1.2':
    resolution: {integrity: sha512-Vu4a5UFA9rIIFJ7rB/Vaafh9lrCQszopTCx6KjFboXTGQbPNasehVR5TEiithSDGyd1DEiUByggTZsg8jukeIg==}

  dequal@2.0.3:
    resolution: {integrity: sha512-0je+qPKHEMohvfRTCEo3CrPG6cAzAYgmzKyxRiYSSDkS6eGJdyVJm7WaYA5ECaAD9wLB2T4EEeymA5aFVcYXCA==}
    engines: {node: '>=6'}

  fast-sha256@1.3.0:
    resolution: {integrity: sha512-n11RGP/lrWEFI/bWdygLxhI+pVeo1ZYIVwvvPkW7azl/rOy+F3HYRZ2K5zeE9mmkhQppyv9sQFx0JM9UabnpPQ==}

  glob-to-regexp@0.4.1:
    resolution: {integrity: sha512-lkX1HJXwyMcprw/5YUZc2s7DrpAiHB21/V+E1rHUrVNokkvB6bqMzT0VfV6/86ZNabt1k14YOIaT7nDvOX3Iiw==}

  js-cookie@3.0.7:
    resolution: {integrity: sha512-z/wZZgDrkNV1eA0ULjM/F9/50Ya8fbzgKneSpoPsXSGd0KnpdtHfOZWK+GcwLk+EZbS4F9RBhU+K2RgzuDaItw==}
    engines: {node: '>=20'}

  standardwebhooks@1.0.0:
    resolution: {integrity: sha512-BbHGOQK9olHPMvQNHWul6MYlrRTAOKn03rOe4A8O3CLWhNf4YHBqq2HJKKC+sfqpxiBY52pNeesD6jIiLDz8jg==}

  tslib@2.8.1:
    resolution: {integrity: sha512-oJFu94HQb+KVduSUQL7wnpmqnfmLsOA/nAh6b6EH0wCEoK0/mPeXU6c3wKDV83MkOuHPRHtSXKKU99IBazS/2w==}

  typescript@5.9.3:
    resolution: {integrity: sha512-jl1vZzPDinLr9eUt3J/t7V6FgNEw9QjvBPdysz9KfQDD41fQrC2Y4vKQdiaUpFT4bXlb1RHhLpp8wtm6M5TgSw==}
    engines: {node: '>=14.17'}
    hasBin: true

  undici-types@8.3.0:
    resolution: {integrity: sha512-j375ScV60dom+YkPFIfTLcOiPxkN/buHz5GobjLhixFuANaNs3C9l4GmrWqejgXWJ7BbJcFYpTEUkS1Ge8bpZQ==}

snapshots:

  '@clerk/backend@3.15.1':
    dependencies:
      '@clerk/shared': 4.26.0
      standardwebhooks: 1.0.0
      tslib: 2.8.1
    transitivePeerDependencies:
      - react
      - react-dom

  '@clerk/shared@4.26.0':
    dependencies:
      '@tanstack/query-core': 5.101.4
      dequal: 2.0.3
      glob-to-regexp: 0.4.1
      js-cookie: 3.0.7

  '@neondatabase/serverless@1.1.0': {}

  '@stablelib/base64@1.0.1': {}

  '@tanstack/query-core@5.101.4': {}

  '@types/node@26.1.2':
    dependencies:
      undici-types: 8.3.0

  dequal@2.0.3: {}

  fast-sha256@1.3.0: {}

  glob-to-regexp@0.4.1: {}

  js-cookie@3.0.7: {}

  standardwebhooks@1.0.0:
    dependencies:
      '@stablelib/base64': 1.0.1
      fast-sha256: 1.3.0

  tslib@2.8.1: {}

  typescript@5.9.3: {}

  undici-types@8.3.0: {}
